
Microsoft Visual Studio Solution File, Format Version 12.00
# Visual Studio Version 16
VisualStudioVersion = 16.0.30717.126
MinimumVisualStudioVersion = 10.0.40219.1
Project("{FAE04EC0-301F-11D3-BF4B-00C04F79EFBC}") = "Sirh3e.Rust.Option.Test", "test\Sirh3e.Rust.Option.Test\Sirh3e.Rust.Option.Test.csproj", "{86E86635-7E7F-46A9-92D1-CF759345D97B}"
EndProject
Project("{FAE04EC0-301F-11D3-BF4B-00C04F79EFBC}") = "Sirh3e.Rust.Result.Test", "test\Sirh3e.Rust.Result.Test\Sirh3e.Rust.Result.Test.csproj", "{1236DC13-315C-4E4A-A464-A6BD7A0F856B}"
EndProject
Project("{FAE04EC0-301F-11D3-BF4B-00C04F79EFBC}") = "Sirh3e.Rust", "src\Sirh3e.Rust\Sirh3e.Rust.csproj", "{08F03F89-6A10-4F79-A21C-B1E306191531}"
EndProject
Global
	GlobalSection(SolutionConfigurationPlatforms) = preSolution
		Debug|Any CPU = Debug|Any CPU
		Release|Any CPU = Release|Any CPU
	EndGlobalSection
	GlobalSection(ProjectConfigurationPlatforms) = postSolution
		{86E86635-7E7F-46A9-92D1-CF759345D97B}.Debug|Any CPU.ActiveCfg = Debug|Any CPU
		{86E86635-7E7F-46A9-92D1-CF759345D97B}.Debug|Any CPU.Build.0 = Debug|Any CPU
		{86E86635-7E7F-46A9-92D1-CF759345D97B}.Release|Any CPU.ActiveCfg = Release|Any CPU
		{86E86635-7E7F-46A9-92D1-CF759345D97B}.Release|Any CPU.Build.0 = Release|Any CPU
		{1236DC13-315C-4E4A-A464-A6BD7A0F856B}.Debug|Any CPU.ActiveCfg = Debug|Any CPU
		{1236DC13-315C-4E4A-A464-A6BD7A0F856B}.Debug|Any CPU.Build.0 = Debug|Any CPU
		{1236DC13-315C-4E4A-A464-A6BD7A0F856B}.Release|Any CPU.ActiveCfg = Release|Any CPU
		{1236DC13-315C-4E4A-A464-A6BD7A0F856B}.Release|Any CPU.Build.0 = Release|Any CPU
		{08F03F89-6A10-4F79-A21C-B1E306191531}.Debug|Any CPU.ActiveCfg = Debug|Any CPU
		{08F03F89-6A10-4F79-A21C-B1E306191531}.Debug|Any CPU.Build.0 = Debug|Any CPU
		{08F03F89-6A10-4F79-A21C-B1E306191531}.Release|Any CPU.ActiveCfg = Release|Any CPU
		{08F03F89-6A10-4F79-A21C-B1E306191531}.Release|Any CPU.Build.0 = Release|Any CPU
	EndGlobalSection
	GlobalSection(SolutionProperties) = preSolution
		HideSolutionNode = FALSE
	EndGlobalSection
	GlobalSection(ExtensibilityGlobals) = postSolution
		SolutionGuid = {702CAEAB-A8B2-426E-B6BE-3DD36968E406}
	EndGlobalSection
EndGlobal
